PODS:
  - FBSDKCoreKit (6.3.0):
    - FBSDKCoreKit/Basics (= 6.3.0)
    - FBSDKCoreKit/Core (= 6.3.0)
  - FBSDKCoreKit/Basics (6.3.0)
  - FBSDKCoreKit/Core (6.3.0):
    - FBSDKCoreKit/Basics
  - FBSDKLoginKit (6.3.0):
    - FBSDKLoginKit/Login (= 6.3.0)
  - FBSDKLoginKit/Login (6.3.0):
    - FBSDKCoreKit (~> 6.3.0)

DEPENDENCIES:
  - FBSDKLoginKit

SPEC REPOS:
  https://github.com/cocoapods/specs.git:
    - FBSDKCoreKit
    - FBSDKLoginKit

SPEC CHECKSUMS:
  FBSDKCoreKit: 5d55c8f3007c9c49b793617b9102e46355fc7e17
  FBSDKLoginKit: d46aa04d9bb9990a4deb6441736fae24a8c94496

PODFILE CHECKSUM: e2811a74973cdf02f23c23688e72b7d68d6b72dd

COCOAPODS: 1.5.2
